// !$*UTF8*$!
{
	archiveVersion = 1;
	classes = {
	};
	objectVersion = 50;
	objects = {

/* Begin PBXBuildFile section */
		590B02F8260F2C7700CDA6C7 /* FavoriteButton.swift in Sources */ = {isa = PBXBuildFile; fileRef = 590B02F7260F2C7700CDA6C7 /* FavoriteButton.swift */; };
		596964E0260F092B0032A086 /* LandmarksApp.swift in Sources */ = {isa = PBXBuildFile; fileRef = 596964DF260F092B0032A086 /* LandmarksApp.swift */; };
		596964E2260F092B0032A086 /* ContentView.swift in Sources */ = {isa = PBXBuildFile; fileRef = 596964E1260F092B0032A086 /* ContentView.swift */; };
		596964E4260F092C0032A086 /* Assets.xcassets in Resources */ = {isa = PBXBuildFile; fileRef = 596964E3260F092C0032A086 /* Assets.xcassets */; };
		596964E7260F092C0032A086 /* Preview Assets.xcassets in Resources */ = {isa = PBXBuildFile; fileRef = 596964E6260F092C0032A086 /* Preview Assets.xcassets */; };
		596964F2260F092C0032A086 /* LandmarksTests.swift in Sources */ = {isa = PBXBuildFile; fileRef = 596964F1260F092C0032A086 /* LandmarksTests.swift */; };
		596964FD260F092C0032A086 /* LandmarksUITests.swift in Sources */ = {isa = PBXBuildFile; fileRef = 596964FC260F092C0032A086 /* LandmarksUITests.swift */; };
		5969650E260F09670032A086 /* CircleImage.swift in Sources */ = {isa = PBXBuildFile; fileRef = 5969650D260F09670032A086 /* CircleImage.swift */; };
		59696513260F09770032A086 /* MapView.swift in Sources */ = {isa = PBXBuildFile; fileRef = 59696512260F09770032A086 /* MapView.swift */; };
		59696518260F0A3D0032A086 /* landmarkData.json in Resources */ = {isa = PBXBuildFile; fileRef = 59696517260F0A3D0032A086 /* landmarkData.json */; };
		5969651D260F0A560032A086 /* LandMark.swift in Sources */ = {isa = PBXBuildFile; fileRef = 5969651C260F0A560032A086 /* LandMark.swift */; };
		59696525260F0BB20032A086 /* ModelData.swift in Sources */ = {isa = PBXBuildFile; fileRef = 59696524260F0BB20032A086 /* ModelData.swift */; };
		59696533260F0CD20032A086 /* LandmarkRow.swift in Sources */ = {isa = PBXBuildFile; fileRef = 59696532260F0CD20032A086 /* LandmarkRow.swift */; };
		59696538260F0E7C0032A086 /* LandmarkList.swift in Sources */ = {isa = PBXBuildFile; fileRef = 59696537260F0E7C0032A086 /* LandmarkList.swift */; };
		59696548260F17C20032A086 /* LandmarkDetail.swift in Sources */ = {isa = PBXBuildFile; fileRef = 59696547260F17C20032A086 /* LandmarkDetail.swift */; };
/* End PBXBuildFile section */

/* Begin PBXContainerItemProxy section */
		596964EE260F092C0032A086 /* PBXContainerItemProxy */ = {
			isa = PBXContainerItemProxy;
			containerPortal = 596964D4260F092B0032A086 /* Project object */;
			proxyType = 1;
			remoteGlobalIDString = 596964DB260F092B0032A086;
			remoteInfo = Landmarks;
		};
		596964F9260F092C0032A086 /* PBXContainerItemProxy */ = {
			isa = PBXContainerItemProxy;
			containerPortal = 596964D4260F092B0032A086 /* Project object */;
			proxyType = 1;
			remoteGlobalIDString = 596964DB260F092B0032A086;
			remoteInfo = Landmarks;
		};
/* End PBXContainerItemProxy section */

/* Begin PBXFileReference section */
		590B02F7260F2C7700CDA6C7 /* FavoriteButton.swift */ = {isa = PBXFileReference; lastKnownFileType = sourcecode.swift; path = FavoriteButton.swift; sourceTree = "<group>"; };
		590B0307260F306400CDA6C7 /* README.md */ = {isa = PBXFileReference; lastKnownFileType = net.daringfireball.markdown; path = README.md; sourceTree = "<group>"; };
		596964DC260F092B0032A086 /* Landmarks.app */ = {isa = PBXFileReference; explicitFileType = wrapper.application; includeInIndex = 0; path = Landmarks.app; sourceTree = BUILT_PRODUCTS_DIR; };
		596964DF260F092B0032A086 /* LandmarksApp.swift */ = {isa = PBXFileReference; lastKnownFileType = sourcecode.swift; path = LandmarksApp.swift; sourceTree = "<group>"; };
		596964E1260F092B0032A086 /* ContentView.swift */ = {isa = PBXFileReference; lastKnownFileType = sourcecode.swift; path = ContentView.swift; sourceTree = "<group>"; };
		596964E3260F092C0032A086 /* Assets.xcassets */ = {isa = PBXFileReference; lastKnownFileType = folder.assetcatalog; path = Assets.xcassets; sourceTree = "<group>"; };
		596964E6260F092C0032A086 /* Preview Assets.xcassets */ = {isa = PBXFileReference; lastKnownFileType = folder.assetcatalog; path = "Preview Assets.xcassets"; sourceTree = "<group>"; };
		596964E8260F092C0032A086 /* Info.plist */ = {isa = PBXFileReference; lastKnownFileType = text.plist.xml; path = Info.plist; sourceTree = "<group>"; };
		596964ED260F092C0032A086 /* LandmarksTests.xctest */ = {isa = PBXFileReference; explicitFileType = wrapper.cfbundle; includeInIndex = 0; path = LandmarksTests.xctest; sourceTree = BUILT_PRODUCTS_DIR; };
		596964F1260F092C0032A086 /* LandmarksTests.swift */ = {isa = PBXFileReference; lastKnownFileType = sourcecode.swift; path = LandmarksTests.swift; sourceTree = "<group>"; };
		596964F3260F092C0032A086 /* Info.plist */ = {isa = PBXFileReference; lastKnownFileType = text.plist.xml; path = Info.plist; sourceTree = "<group>"; };
		596964F8260F092C0032A086 /* LandmarksUITests.xctest */ = {isa = PBXFileReference; explicitFileType = wrapper.cfbundle; includeInIndex = 0; path = LandmarksUITests.xctest; sourceTree = BUILT_PRODUCTS_DIR; };
		596964FC260F092C0032A086 /* LandmarksUITests.swift */ = {isa = PBXFileReference; lastKnownFileType = sourcecode.swift; path = LandmarksUITests.swift; sourceTree = "<group>"; };
		596964FE260F092C0032A086 /* Info.plist */ = {isa = PBXFileReference; lastKnownFileType = text.plist.xml; path = Info.plist; sourceTree = "<group>"; };
		5969650D260F09670032A086 /* CircleImage.swift */ = {isa = PBXFileReference; lastKnownFileType = sourcecode.swift; path = CircleImage.swift; sourceTree = "<group>"; };
		59696512260F09770032A086 /* MapView.swift */ = {isa = PBXFileReference; lastKnownFileType = sourcecode.swift; path = MapView.swift; sourceTree = "<group>"; };
		59696517260F0A3D0032A086 /* landmarkData.json */ = {isa = PBXFileReference; fileEncoding = 4; lastKnownFileType = text.json; path = landmarkData.json; sourceTree = "<group>"; };
		5969651C260F0A560032A086 /* LandMark.swift */ = {isa = PBXFileReference; lastKnownFileType = sourcecode.swift; path = LandMark.swift; sourceTree = "<group>"; };
		59696524260F0BB20032A086 /* ModelData.swift */ = {isa = PBXFileReference; lastKnownFileType = sourcecode.swift; path = ModelData.swift; sourceTree = "<group>"; };
		59696532260F0CD20032A086 /* LandmarkRow.swift */ = {isa = PBXFileReference; lastKnownFileType = sourcecode.swift; path = LandmarkRow.swift; sourceTree = "<group>"; };
		59696537260F0E7C0032A086 /* LandmarkList.swift */ = {isa = PBXFileReference; lastKnownFileType = sourcecode.swift; path = LandmarkList.swift; sourceTree = "<group>"; };
		59696547260F17C20032A086 /* LandmarkDetail.swift */ = {isa = PBXFileReference; lastKnownFileType = sourcecode.swift; path = LandmarkDetail.swift; sourceTree = "<group>"; };
/* End PBXFileReference section */

/* Begin PBXFrameworksBuildPhase section */
		596964D9260F092B0032A086 /* Frameworks */ = {
			isa = PBXFrameworksBuildPhase;
			buildActionMask = 2147483647;
			files = (
			);
			runOnlyForDeploymentPostprocessing = 0;
		};
		596964EA260F092C0032A086 /* Frameworks */ = {
			isa = PBXFrameworksBuildPhase;
			buildActionMask = 2147483647;
			files = (
			);
			runOnlyForDeploymentPostprocessing = 0;
		};
		596964F5260F092C0032A086 /* Frameworks */ = {
			isa = PBXFrameworksBuildPhase;
			buildActionMask = 2147483647;
			files = (
			);
			runOnlyForDeploymentPostprocessing = 0;
		};
/* End PBXFrameworksBuildPhase section */

/* Begin PBXGroup section */
		590B02FC260F2D2400CDA6C7 /* Helpers */ = {
			isa = PBXGroup;
			children = (
				5969650D260F09670032A086 /* CircleImage.swift */,
				59696512260F09770032A086 /* MapView.swift */,
				590B02F7260F2C7700CDA6C7 /* FavoriteButton.swift */,
			);
			path = Helpers;
			sourceTree = "<group>";
		};
		590B0300260F2D4300CDA6C7 /* Landmarks */ = {
			isa = PBXGroup;
			children = (
				59696532260F0CD20032A086 /* LandmarkRow.swift */,
				59696537260F0E7C0032A086 /* LandmarkList.swift */,
				59696547260F17C20032A086 /* LandmarkDetail.swift */,
			);
			path = Landmarks;
			sourceTree = "<group>";
		};
		596964D3260F092B0032A086 = {
			isa = PBXGroup;
			children = (
				590B0307260F306400CDA6C7 /* README.md */,
				596964DE260F092B0032A086 /* Landmarks */,
				596964F0260F092C0032A086 /* LandmarksTests */,
				596964FB260F092C0032A086 /* LandmarksUITests */,
				596964DD260F092B0032A086 /* Products */,
			);
			sourceTree = "<group>";
		};
		596964DD260F092B0032A086 /* Products */ = {
			isa = PBXGroup;
			children = (
				596964DC260F092B0032A086 /* Landmarks.app */,
				596964ED260F092C0032A086 /* LandmarksTests.xctest */,
				596964F8260F092C0032A086 /* LandmarksUITests.xctest */,
			);
			name = Products;
			sourceTree = "<group>";
		};
		596964DE260F092B0032A086 /* Landmarks */ = {
			isa = PBXGroup;
			children = (
				596964DF260F092B0032A086 /* LandmarksApp.swift */,
				59696529260F0C4B0032A086 /* Views */,
				5969652A260F0C510032A086 /* Model */,
				5969652B260F0C560032A086 /* Resources */,
				596964E3260F092C0032A086 /* Assets.xcassets */,
				596964E8260F092C0032A086 /* Info.plist */,
				596964E5260F092C0032A086 /* Preview Content */,
			);
			path = Landmarks;
			sourceTree = "<group>";
		};
		596964E5260F092C0032A086 /* Preview Content */ = {
			isa = PBXGroup;
			children = (
				596964E6260F092C0032A086 /* Preview Assets.xcassets */,
			);
			path = "Preview Content";
			sourceTree = "<group>";
		};
		596964F0260F092C0032A086 /* LandmarksTests */ = {
			isa = PBXGroup;
			children = (
				596964F1260F092C0032A086 /* LandmarksTests.swift */,
				596964F3260F092C0032A086 /* Info.plist */,
			);
			path = LandmarksTests;
			sourceTree = "<group>";
		};
		596964FB260F092C0032A086 /* LandmarksUITests */ = {
			isa = PBXGroup;
			children = (
				596964FC260F092C0032A086 /* LandmarksUITests.swift */,
				596964FE260F092C0032A086 /* Info.plist */,
			);
			path = LandmarksUITests;
			sourceTree = "<group>";
		};
		59696529260F0C4B0032A086 /* Views */ = {
			isa = PBXGroup;
			children = (
				596964E1260F092B0032A086 /* ContentView.swift */,
				590B0300260F2D4300CDA6C7 /* Landmarks */,
				590B02FC260F2D2400CDA6C7 /* Helpers */,
			);
			path = Views;
			sourceTree = "<group>";
		};
		5969652A260F0C510032A086 /* Model */ = {
			isa = PBXGroup;
			children = (
				5969651C260F0A560032A086 /* LandMark.swift */,
				59696524260F0BB20032A086 /* ModelData.swift */,
			);
			path = Model;
			sourceTree = "<group>";
		};
		5969652B260F0C560032A086 /* Resources */ = {
			isa = PBXGroup;
			children = (
				59696517260F0A3D0032A086 /* landmarkData.json */,
			);
			path = Resources;
			sourceTree = "<group>";
		};
/* End PBXGroup section */

/* Begin PBXNativeTarget section */
		596964DB260F092B0032A086 /* Landmarks */ = {
			isa = PBXNativeTarget;
			buildConfigurationList = 59696501260F092C0032A086 /* Build configuration list for PBXNativeTarget "Landmarks" */;
			buildPhases = (
				596964D8260F092B0032A086 /* Sources */,
				596964D9260F092B0032A086 /* Frameworks */,
				596964DA260F092B0032A086 /* Resources */,
			);
			buildRules = (
			);
			dependencies = (
			);
			name = Landmarks;
			productName = Landmarks;
			productReference = 596964DC260F092B0032A086 /* Landmarks.app */;
			productType = "com.apple.product-type.application";
		};
		596964EC260F092C0032A086 /* LandmarksTests */ = {
			isa = PBXNativeTarget;
			buildConfigurationList = 59696504260F092C0032A086 /* Build configuration list for PBXNativeTarget "LandmarksTests" */;
			buildPhases = (
				596964E9260F092C0032A086 /* Sources */,
				596964EA260F092C0032A086 /* Frameworks */,
				596964EB260F092C0032A086 /* Resources */,
			);
			buildRules = (
			);
			dependencies = (
				596964EF260F092C0032A086 /* PBXTargetDependency */,
			);
			name = LandmarksTests;
			productName = LandmarksTests;
			productReference = 596964ED260F092C0032A086 /* LandmarksTests.xctest */;
			productType = "com.apple.product-type.bundle.unit-test";
		};
		596964F7260F092C0032A086 /* LandmarksUITests */ = {
			isa = PBXNativeTarget;
			buildConfigurationList = 59696507260F092C0032A086 /* Build configuration list for PBXNativeTarget "LandmarksUITests" */;
			buildPhases = (
				596964F4260F092C0032A086 /* Sources */,
				596964F5260F092C0032A086 /* Frameworks */,
				596964F6260F092C0032A086 /* Resources */,
			);
			buildRules = (
			);
			dependencies = (
				596964FA260F092C0032A086 /* PBXTargetDependency */,
			);
			name = LandmarksUITests;
			productName = LandmarksUITests;
			productReference = 596964F8260F092C0032A086 /* LandmarksUITests.xctest */;
			productType = "com.apple.product-type.bundle.ui-testing";
		};
/* End PBXNativeTarget section */

/* Begin PBXProject section */
		596964D4260F092B0032A086 /* Project object */ = {
			isa = PBXProject;
			attributes = {
				LastSwiftUpdateCheck = 1240;
				LastUpgradeCheck = 1240;
				TargetAttributes = {
					596964DB260F092B0032A086 = {
						CreatedOnToolsVersion = 12.4;
					};
					596964EC260F092C0032A086 = {
						CreatedOnToolsVersion = 12.4;
						TestTargetID = 596964DB260F092B0032A086;
					};
					596964F7260F092C0032A086 = {
						CreatedOnToolsVersion = 12.4;
						TestTargetID = 596964DB260F092B0032A086;
					};
				};
			};
			buildConfigurationList = 596964D7260F092B0032A086 /* Build configuration list for PBXProject "Landmarks" */;
			compatibilityVersion = "Xcode 9.3";
			developmentRegion = en;
			hasScannedForEncodings = 0;
			knownRegions = (
				en,
				Base,
			);
			mainGroup = 596964D3260F092B0032A086;
			productRefGroup = 596964DD260F092B0032A086 /* Products */;
			projectDirPath = "";
			projectRoot = "";
			targets = (
				596964DB260F092B0032A086 /* Landmarks */,
				596964EC260F092C0032A086 /* LandmarksTests */,
				596964F7260F092C0032A086 /* LandmarksUITests */,
			);
		};
/* End PBXProject section */

/* Begin PBXResourcesBuildPhase section */
		596964DA260F092B0032A086 /* Resources */ = {
			isa = PBXResourcesBuildPhase;
			buildActionMask = 2147483647;
			files = (
				596964E7260F092C0032A086 /* Preview Assets.xcassets in Resources */,
				596964E4260F092C0032A086 /* Assets.xcassets in Resources */,
				59696518260F0A3D0032A086 /* landmarkData.json in Resources */,
			);
			runOnlyForDeploymentPostprocessing = 0;
		};
		596964EB260F092C0032A086 /* Resources */ = {
			isa = PBXResourcesBuildPhase;
			buildActionMask = 2147483647;
			files = (
			);
			runOnlyForDeploymentPostprocessing = 0;
		};
		596964F6260F092C0032A086 /* Resources */ = {
			isa = PBXResourcesBuildPhase;
			buildActionMask = 2147483647;
			files = (
			);
			runOnlyForDeploymentPostprocessing = 0;
		};
/* End PBXResourcesBuildPhase section */

/* Begin PBXSourcesBuildPhase section */
		596964D8260F092B0032A086 /* Sources */ = {
			isa = PBXSourcesBuildPhase;
			buildActionMask = 2147483647;
			files = (
				596964E2260F092B0032A086 /* ContentView.swift in Sources */,
				5969651D260F0A560032A086 /* LandMark.swift in Sources */,
				59696513260F09770032A086 /* MapView.swift in Sources */,
				590B02F8260F2C7700CDA6C7 /* FavoriteButton.swift in Sources */,
				59696538260F0E7C0032A086 /* LandmarkList.swift in Sources */,
				59696548260F17C20032A086 /* LandmarkDetail.swift in Sources */,
				596964E0260F092B0032A086 /* LandmarksApp.swift in Sources */,
				5969650E260F09670032A086 /* CircleImage.swift in Sources */,
				59696533260F0CD20032A086 /* LandmarkRow.swift in Sources */,
				59696525260F0BB20032A086 /* ModelData.swift in Sources */,
			);
			runOnlyForDeploymentPostprocessing = 0;
		};
		596964E9260F092C0032A086 /* Sources */ = {
			isa = PBXSourcesBuildPhase;
			buildActionMask = 2147483647;
			files = (
				596964F2260F092C0032A086 /* LandmarksTests.swift in Sources */,
			);
			runOnlyForDeploymentPostprocessing = 0;
		};
		596964F4260F092C0032A086 /* Sources */ = {
			isa = PBXSourcesBuildPhase;
			buildActionMask = 2147483647;
			files = (
				596964FD260F092C0032A086 /* LandmarksUITests.swift in Sources */,
			);
			runOnlyForDeploymentPostprocessing = 0;
		};
/* End PBXSourcesBuildPhase section */

/* Begin PBXTargetDependency section */
		596964EF260F092C0032A086 /* PBXTargetDependency */ = {
			isa = PBXTargetDependency;
			target = 596964DB260F092B0032A086 /* Landmarks */;
			targetProxy = 596964EE260F092C0032A086 /* PBXContainerItemProxy */;
		};
		596964FA260F092C0032A086 /* PBXTargetDependency */ = {
			isa = PBXTargetDependency;
			target = 596964DB260F092B0032A086 /* Landmarks */;
			targetProxy = 596964F9260F092C0032A086 /* PBXContainerItemProxy */;
		};
/* End PBXTargetDependency section */

/* Begin XCBuildConfiguration section */
		596964FF260F092C0032A086 /* Debug */ = {
			isa = XCBuildConfiguration;
			buildSettings = {
				ALWAYS_SEARCH_USER_PATHS = NO;
				CLANG_ANALYZER_NONNULL = YES;
				CLANG_ANALYZER_NUMBER_OBJECT_CONVERSION = YES_AGGRESSIVE;
				CLANG_CXX_LANGUAGE_STANDARD = "gnu++14";
				CLANG_CXX_LIBRARY = "libc++";
				CLANG_ENABLE_MODULES = YES;
				CLANG_ENABLE_OBJC_ARC = YES;
				CLANG_ENABLE_OBJC_WEAK = YES;
				CLANG_WARN_BLOCK_CAPTURE_AUTORELEASING = YES;
				CLANG_WARN_BOOL_CONVERSION = YES;
				CLANG_WARN_COMMA = YES;
				CLANG_WARN_CONSTANT_CONVERSION = YES;
				CLANG_WARN_DEPRECATED_OBJC_IMPLEMENTATIONS = YES;
				CLANG_WARN_DIRECT_OBJC_ISA_USAGE = YES_ERROR;
				CLANG_WARN_DOCUMENTATION_COMMENTS = YES;
				CLANG_WARN_EMPTY_BODY = YES;
				CLANG_WARN_ENUM_CONVERSION = YES;
				CLANG_WARN_INFINITE_RECURSION = YES;
				CLANG_WARN_INT_CONVERSION = YES;
				CLANG_WARN_NON_LITERAL_NULL_CONVERSION = YES;
				CLANG_WARN_OBJC_IMPLICIT_RETAIN_SELF = YES;
				CLANG_WARN_OBJC_LITERAL_CONVERSION = YES;
				CLANG_WARN_OBJC_ROOT_CLASS = YES_ERROR;
				CLANG_WARN_QUOTED_INCLUDE_IN_FRAMEWORK_HEADER = YES;
				CLANG_WARN_RANGE_LOOP_ANALYSIS = YES;
				CLANG_WARN_STRICT_PROTOTYPES = YES;
				CLANG_WARN_SUSPICIOUS_MOVE = YES;
				CLANG_WARN_UNGUARDED_AVAILABILITY = YES_AGGRESSIVE;
				CLANG_WARN_UNREACHABLE_CODE = YES;
				CLANG_WARN__DUPLICATE_METHOD_MATCH = YES;
				COPY_PHASE_STRIP = NO;
				DEBUG_INFORMATION_FORMAT = dwarf;
				ENABLE_STRICT_OBJC_MSGSEND = YES;
				ENABLE_TESTABILITY = YES;
				GCC_C_LANGUAGE_STANDARD = gnu11;
				GCC_DYNAMIC_NO_PIC = NO;
				GCC_NO_COMMON_BLOCKS = YES;
				GCC_OPTIMIZATION_LEVEL = 0;
				GCC_PREPROCESSOR_DEFINITIONS = (
					"DEBUG=1",
					"$(inherited)",
				);
				GCC_WARN_64_TO_32_BIT_CONVERSION = YES;
				GCC_WARN_ABOUT_RETURN_TYPE = YES_ERROR;
				GCC_WARN_UNDECLARED_SELECTOR = YES;
				GCC_WARN_UNINITIALIZED_AUTOS = YES_AGGRESSIVE;
				GCC_WARN_UNUSED_FUNCTION = YES;
				GCC_WARN_UNUSED_VARIABLE = YES;
				IPHONEOS_DEPLOYMENT_TARGET = 14.4;
				MTL_ENABLE_DEBUG_INFO = INCLUDE_SOURCE;
				MTL_FAST_MATH = YES;
				ONLY_ACTIVE_ARCH = YES;
				SDKROOT = iphoneos;
				SWIFT_ACTIVE_COMPILATION_CONDITIONS = DEBUG;
				SWIFT_OPTIMIZATION_LEVEL = "-Onone";
			};
			name = Debug;
		};
		59696500260F092C0032A086 /* Release */ = {
			isa = XCBuildConfiguration;
			buildSettings = {
				ALWAYS_SEARCH_USER_PATHS = NO;
				CLANG_ANALYZER_NONNULL = YES;
				CLANG_ANALYZER_NUMBER_OBJECT_CONVERSION = YES_AGGRESSIVE;
				CLANG_CXX_LANGUAGE_STANDARD = "gnu++14";
				CLANG_CXX_LIBRARY = "libc++";
				CLANG_ENABLE_MODULES = YES;
				CLANG_ENABLE_OBJC_ARC = YES;
				CLANG_ENABLE_OBJC_WEAK = YES;
				CLANG_WARN_BLOCK_CAPTURE_AUTORELEASING = YES;
				CLANG_WARN_BOOL_CONVERSION = YES;
				CLANG_WARN_COMMA = YES;
				CLANG_WARN_CONSTANT_CONVERSION = YES;
				CLANG_WARN_DEPRECATED_OBJC_IMPLEMENTATIONS = YES;
				CLANG_WARN_DIRECT_OBJC_ISA_USAGE = YES_ERROR;
				CLANG_WARN_DOCUMENTATION_COMMENTS = YES;
				CLANG_WARN_EMPTY_BODY = YES;
				CLANG_WARN_ENUM_CONVERSION = YES;
				CLANG_WARN_INFINITE_RECURSION = YES;
				CLANG_WARN_INT_CONVERSION = YES;
				CLANG_WARN_NON_LITERAL_NULL_CONVERSION = YES;
				CLANG_WARN_OBJC_IMPLICIT_RETAIN_SELF = YES;
				CLANG_WARN_OBJC_LITERAL_CONVERSION = YES;
				CLANG_WARN_OBJC_ROOT_CLASS = YES_ERROR;
				CLANG_WARN_QUOTED_INCLUDE_IN_FRAMEWORK_HEADER = YES;
				CLANG_WARN_RANGE_LOOP_ANALYSIS = YES;
				CLANG_WARN_STRICT_PROTOTYPES = YES;
				CLANG_WARN_SUSPICIOUS_MOVE = YES;
				CLANG_WARN_UNGUARDED_AVAILABILITY = YES_AGGRESSIVE;
				CLANG_WARN_UNREACHABLE_CODE = YES;
				CLANG_WARN__DUPLICATE_METHOD_MATCH = YES;
				COPY_PHASE_STRIP = NO;
				DEBUG_INFORMATION_FORMAT = "dwarf-with-dsym";
				ENABLE_NS_ASSERTIONS = NO;
				ENABLE_STRICT_OBJC_MSGSEND = YES;
				GCC_C_LANGUAGE_STANDARD = gnu11;
				GCC_NO_COMMON_BLOCKS = YES;
				GCC_WARN_64_TO_32_BIT_CONVERSION = YES;
				GCC_WARN_ABOUT_RETURN_TYPE = YES_ERROR;
				GCC_WARN_UNDECLARED_SELECTOR = YES;
				GCC_WARN_UNINITIALIZED_AUTOS = YES_AGGRESSIVE;
				GCC_WARN_UNUSED_FUNCTION = YES;
				GCC_WARN_UNUSED_VARIABLE = YES;
				IPHONEOS_DEPLOYMENT_TARGET = 14.4;
				MTL_ENABLE_DEBUG_INFO = NO;
				MTL_FAST_MATH = YES;
				SDKROOT = iphoneos;
				SWIFT_COMPILATION_MODE = wholemodule;
				SWIFT_OPTIMIZATION_LEVEL = "-O";
				VALIDATE_PRODUCT = YES;
			};
			name = Release;
		};
		59696502260F092C0032A086 /* Debug */ = {
			isa = XCBuildConfiguration;
			buildSettings = {
				ASSETCATALOG_COMPILER_APPICON_NAME = AppIcon;
				ASSETCATALOG_COMPILER_GLOBAL_ACCENT_COLOR_NAME = AccentColor;
				CODE_SIGN_STYLE = Automatic;
				DEVELOPMENT_ASSET_PATHS = "\"Landmarks/Preview Content\"";
				ENABLE_PREVIEWS = YES;
				INFOPLIST_FILE = Landmarks/Info.plist;
				IPHONEOS_DEPLOYMENT_TARGET = 14.0;
				LD_RUNPATH_SEARCH_PATHS = (
					"$(inherited)",
					"@executable_path/Frameworks",
				);
				PRODUCT_BUNDLE_IDENTIFIER = com.haneepark.Landmarks;
				PRODUCT_NAME = "$(TARGET_NAME)";
				SWIFT_VERSION = 5.0;
				TARGETED_DEVICE_FAMILY = "1,2";
			};
			name = Debug;
		};
		59696503260F092C0032A086 /* Release */ = {
			isa = XCBuildConfiguration;
			buildSettings = {
				ASSETCATALOG_COMPILER_APPICON_NAME = AppIcon;
				ASSETCATALOG_COMPILER_GLOBAL_ACCENT_COLOR_NAME = AccentColor;
				CODE_SIGN_STYLE = Automatic;
				DEVELOPMENT_ASSET_PATHS = "\"Landmarks/Preview Content\"";
				ENABLE_PREVIEWS = YES;
				INFOPLIST_FILE = Landmarks/Info.plist;
				IPHONEOS_DEPLOYMENT_TARGET = 14.0;
				LD_RUNPATH_SEARCH_PATHS = (
					"$(inherited)",
					"@executable_path/Frameworks",
				);
				PRODUCT_BUNDLE_IDENTIFIER = com.haneepark.Landmarks;
				PRODUCT_NAME = "$(TARGET_NAME)";
				SWIFT_VERSION = 5.0;
				TARGETED_DEVICE_FAMILY = "1,2";
			};
			name = Release;
		};
		59696505260F092C0032A086 /* Debug */ = {
			isa = XCBuildConfiguration;
			buildSettings = {
				ALWAYS_EMBED_SWIFT_STANDARD_LIBRARIES = YES;
				BUNDLE_LOADER = "$(TEST_HOST)";
				CODE_SIGN_STYLE = Automatic;
				INFOPLIST_FILE = LandmarksTests/Info.plist;
				IPHONEOS_DEPLOYMENT_TARGET = 14.0;
				LD_RUNPATH_SEARCH_PATHS = (
					"$(inherited)",
					"@executable_path/Frameworks",
					"@loader_path/Frameworks",
				);
				PRODUCT_BUNDLE_IDENTIFIER = com.haneepark.LandmarksTests;
				PRODUCT_NAME = "$(TARGET_NAME)";
				SWIFT_VERSION = 5.0;
				TARGETED_DEVICE_FAMILY = "1,2";
				TEST_HOST = "$(BUILT_PRODUCTS_DIR)/Landmarks.app/Landmarks";
			};
			name = Debug;
		};
		59696506260F092C0032A086 /* Release */ = {
			isa = XCBuildConfiguration;
			buildSettings = {
				ALWAYS_EMBED_SWIFT_STANDARD_LIBRARIES = YES;
				BUNDLE_LOADER = "$(TEST_HOST)";
				CODE_SIGN_STYLE = Automatic;
				INFOPLIST_FILE = LandmarksTests/Info.plist;
				IPHONEOS_DEPLOYMENT_TARGET = 14.0;
				LD_RUNPATH_SEARCH_PATHS = (
					"$(inherited)",
					"@executable_path/Frameworks",
					"@loader_path/Frameworks",
				);
				PRODUCT_BUNDLE_IDENTIFIER = com.haneepark.LandmarksTests;
				PRODUCT_NAME = "$(TARGET_NAME)";
				SWIFT_VERSION = 5.0;
				TARGETED_DEVICE_FAMILY = "1,2";
				TEST_HOST = "$(BUILT_PRODUCTS_DIR)/Landmarks.app/Landmarks";
			};
			name = Release;
		};
		59696508260F092C0032A086 /* Debug */ = {
			isa = XCBuildConfiguration;
			buildSettings = {
				ALWAYS_EMBED_SWIFT_STANDARD_LIBRARIES = YES;
				CODE_SIGN_STYLE = Automatic;
				INFOPLIST_FILE = LandmarksUITests/Info.plist;
				LD_RUNPATH_SEARCH_PATHS = (
					"$(inherited)",
					"@executable_path/Frameworks",
					"@loader_path/Frameworks",
				);
				PRODUCT_BUNDLE_IDENTIFIER = com.haneepark.LandmarksUITests;
				PRODUCT_NAME = "$(TARGET_NAME)";
				SWIFT_VERSION = 5.0;
				TARGETED_DEVICE_FAMILY = "1,2";
				TEST_TARGET_NAME = Landmarks;
			};
			name = Debug;
		};
		59696509260F092C0032A086 /* Release */ = {
			isa = XCBuildConfiguration;
			buildSettings = {
				ALWAYS_EMBED_SWIFT_STANDARD_LIBRARIES = YES;
				CODE_SIGN_STYLE = Automatic;
				INFOPLIST_FILE = LandmarksUITests/Info.plist;
				LD_RUNPATH_SEARCH_PATHS = (
					"$(inherited)",
					"@executable_path/Frameworks",
					"@loader_path/Frameworks",
				);
				PRODUCT_BUNDLE_IDENTIFIER = com.haneepark.LandmarksUITests;
				PRODUCT_NAME = "$(TARGET_NAME)";
				SWIFT_VERSION = 5.0;
				TARGETED_DEVICE_FAMILY = "1,2";
				TEST_TARGET_NAME = Landmarks;
			};
			name = Release;
		};
/* End XCBuildConfiguration section */

/* Begin XCConfigurationList section */
		596964D7260F092B0032A086 /* Build configuration list for PBXProject "Landmarks" */ = {
			isa = XCConfigurationList;
			buildConfigurations = (
				596964FF260F092C0032A086 /* Debug */,
				59696500260F092C0032A086 /* Release */,
			);
			defaultConfigurationIsVisible = 0;
			defaultConfigurationName = Release;
		};
		59696501260F092C0032A086 /* Build configuration list for PBXNativeTarget "Landmarks" */ = {
			isa = XCConfigurationList;
			buildConfigurations = (
				59696502260F092C0032A086 /* Debug */,
				59696503260F092C0032A086 /* Release */,
			);
			defaultConfigurationIsVisible = 0;
			defaultConfigurationName = Release;
		};
		59696504260F092C0032A086 /* Build configuration list for PBXNativeTarget "LandmarksTests" */ = {
			isa = XCConfigurationList;
			buildConfigurations = (
				59696505260F092C0032A086 /* Debug */,
				59696506260F092C0032A086 /* Release */,
			);
			defaultConfigurationIsVisible = 0;
			defaultConfigurationName = Release;
		};
		59696507260F092C0032A086 /* Build configuration list for PBXNativeTarget "LandmarksUITests" */ = {
			isa = XCConfigurationList;
			buildConfigurations = (
				59696508260F092C0032A086 /* Debug */,
				59696509260F092C0032A086 /* Release */,
			);
			defaultConfigurationIsVisible = 0;
			defaultConfigurationName = Release;
		};
/* End XCConfigurationList section */
	};
	rootObject = 596964D4260F092B0032A086 /* Project object */;
}
